
Microsoft Visual Studio Solution File, Format Version 12.00
# Visual Studio Version 17
VisualStudioVersion = 17.14.37216.2 d17.14
MinimumVisualStudioVersion = 10.0.40219.1
Project("{FAE04EC0-301F-11D3-BF4B-00C04F79EFBC}") = "DarkestDungeonInfo", "DarkestDungeonInfo\DarkestDungeonInfo.csproj", "{6570B385-EE3C-4961-B14C-70B3DE69514C}"
EndProject
Global
	GlobalSection(SolutionConfigurationPlatforms) = preSolution
		Debug|Any CPU = Debug|Any CPU
		Release|Any CPU = Release|Any CPU
	EndGlobalSection
	GlobalSection(ProjectConfigurationPlatforms) = postSolution
		{6570B385-EE3C-4961-B14C-70B3DE69514C}.Debug|Any CPU.ActiveCfg = Debug|Any CPU
		{6570B385-EE3C-4961-B14C-70B3DE69514C}.Debug|Any CPU.Build.0 = Debug|Any CPU
		{6570B385-EE3C-4961-B14C-70B3DE69514C}.Release|Any CPU.ActiveCfg = Release|Any CPU
		{6570B385-EE3C-4961-B14C-70B3DE69514C}.Release|Any CPU.Build.0 = Release|Any CPU
	EndGlobalSection
	GlobalSection(SolutionProperties) = preSolution
		HideSolutionNode = FALSE
	EndGlobalSection
	GlobalSection(ExtensibilityGlobals) = postSolution
		SolutionGuid = {8D452B43-653B-44BB-BF5C-186484BEDD1E}
	EndGlobalSection
EndGlobal
